
Microsoft Visual Studio Solution File, Format Version 12.00
# Visual Studio Version 17
VisualStudioVersion = 17.10.35122.118
MinimumVisualStudioVersion = 10.0.40219.1
Project("{FAE04EC0-301F-11D3-BF4B-00C04F79EFBC}") = "ActividadModulo3", "ActividadModulo3.csproj", "{819B5759-2C2D-43B3-918C-2FF260F8B613}"
EndProject
Global
	GlobalSection(SolutionConfigurationPlatforms) = preSolution
		Debug|Any CPU = Debug|Any CPU
		Release|Any CPU = Release|Any CPU
	EndGlobalSection
	GlobalSection(ProjectConfigurationPlatforms) = postSolution
		{819B5759-2C2D-43B3-918C-2FF260F8B613}.Debug|Any CPU.ActiveCfg = Debug|Any CPU
		{819B5759-2C2D-43B3-918C-2FF260F8B613}.Debug|Any CPU.Build.0 = Debug|Any CPU
		{819B5759-2C2D-43B3-918C-2FF260F8B613}.Release|Any CPU.ActiveCfg = Release|Any CPU
		{819B5759-2C2D-43B3-918C-2FF260F8B613}.Release|Any CPU.Build.0 = Release|Any CPU
	EndGlobalSection
	GlobalSection(SolutionProperties) = preSolution
		HideSolutionNode = FALSE
	EndGlobalSection
	GlobalSection(ExtensibilityGlobals) = postSolution
		SolutionGuid = {7D2B0A60-9F8D-43E9-A57E-DFF950C4FDB2}
	EndGlobalSection
EndGlobal
